// !$*UTF8*$!
{
	archiveVersion = 1;
	classes = {
	};
	objectVersion = 46;
	objects = {

/* Begin PBXBuildFile section */
		4556CD1015083EFC00F9ED91 /* main.cpp in Sources */ = {isa = PBXBuildFile; fileRef = 4556CD0F15083EFC00F9ED91 /* main.cpp */; };
		4556CD1215083EFC00F9ED91 /* Mar_7th_MS.1 in CopyFiles */ = {isa = PBXBuildFile; fileRef = 4556CD1115083EFC00F9ED91 /* Mar_7th_MS.1 */; };
/* End PBXBuildFile section */

/* Begin PBXCopyFilesBuildPhase section */
		4556CD0915083EFC00F9ED91 /* CopyFiles */ = {
			isa = PBXCopyFilesBuildPhase;
			buildActionMask = 2147483647;
			dstPath = /usr/share/man/man1/;
			dstSubfolderSpec = 0;
			files = (
				4556CD1215083EFC00F9ED91 /* Mar_7th_MS.1 in CopyFiles */,
			);
			runOnlyForDeploymentPostprocessing = 1;
		};
/* End PBXCopyFilesBuildPhase section */

/* Begin PBXFileReference section */
		4556CD0B15083EFC00F9ED91 /* Mar_7th_MS */ = {isa = PBXFileReference; explicitFileType = "compiled.mach-o.executable"; includeInIndex = 0; path = Mar_7th_MS; sourceTree = BUILT_PRODUCTS_DIR; };
		4556CD0F15083EFC00F9ED91 /* main.cpp */ = {isa = PBXFileReference; lastKnownFileType = sourcecode.cpp.cpp; path = main.cpp; sourceTree = "<group>"; };
		4556CD1115083EFC00F9ED91 /* Mar_7th_MS.1 */ = {isa = PBXFileReference; lastKnownFileType = text.man; path = Mar_7th_MS.1; sourceTree = "<group>"; };
/* End PBXFileReference section */

/* Begin PBXFrameworksBuildPhase section */
		4556CD0815083EFC00F9ED91 /* Frameworks */ = {
			isa = PBXFrameworksBuildPhase;
			buildActionMask = 2147483647;
			files = (
			);
			runOnlyForDeploymentPostprocessing = 0;
		};
/* End PBXFrameworksBuildPhase section */

/* Begin PBXGroup section */
		4556CD0015083EFC00F9ED91 = {
			isa = PBXGroup;
			children = (
				4556CD0E15083EFC00F9ED91 /* Mar_7th_MS */,
				4556CD0C15083EFC00F9ED91 /* Products */,
			);
			sourceTree = "<group>";
		};
		4556CD0C15083EFC00F9ED91 /* Products */ = {
			isa = PBXGroup;
			children = (
				4556CD0B15083EFC00F9ED91 /* Mar_7th_MS */,
			);
			name = Products;
			sourceTree = "<group>";
		};
		4556CD0E15083EFC00F9ED91 /* Mar_7th_MS */ = {
			isa = PBXGroup;
			children = (
				4556CD0F15083EFC00F9ED91 /* main.cpp */,
				4556CD1115083EFC00F9ED91 /* Mar_7th_MS.1 */,
			);
			path = Mar_7th_MS;
			sourceTree = "<group>";
		};
/* End PBXGroup section */

/* Begin PBXNativeTarget section */
		4556CD0A15083EFC00F9ED91 /* Mar_7th_MS */ = {
			isa = PBXNativeTarget;
			buildConfigurationList = 4556CD1515083EFC00F9ED91 /* Build configuration list for PBXNativeTarget "Mar_7th_MS" */;
			buildPhases = (
				4556CD0715083EFC00F9ED91 /* Sources */,
				4556CD0815083EFC00F9ED91 /* Frameworks */,
				4556CD0915083EFC00F9ED91 /* CopyFiles */,
			);
			buildRules = (
			);
			dependencies = (
			);
			name = Mar_7th_MS;
			productName = Mar_7th_MS;
			productReference = 4556CD0B15083EFC00F9ED91 /* Mar_7th_MS */;
			productType = "com.apple.product-type.tool";
		};
/* End PBXNativeTarget section */

/* Begin PBXProject section */
		4556CD0215083EFC00F9ED91 /* Project object */ = {
			isa = PBXProject;
			attributes = {
				LastUpgradeCheck = 0420;
				ORGANIZATIONNAME = NYU;
			};
			buildConfigurationList = 4556CD0515083EFC00F9ED91 /* Build configuration list for PBXProject "Mar_7th_MS" */;
			compatibilityVersion = "Xcode 3.2";
			developmentRegion = English;
			hasScannedForEncodings = 0;
			knownRegions = (
				en,
			);
			mainGroup = 4556CD0015083EFC00F9ED91;
			productRefGroup = 4556CD0C15083EFC00F9ED91 /* Products */;
			projectDirPath = "";
			projectRoot = "";
			targets = (
				4556CD0A15083EFC00F9ED91 /* Mar_7th_MS */,
			);
		};
/* End PBXProject section */

/* Begin PBXSourcesBuildPhase section */
		4556CD0715083EFC00F9ED91 /* Sources */ = {
			isa = PBXSourcesBuildPhase;
			buildActionMask = 2147483647;
			files = (
				4556CD1015083EFC00F9ED91 /* main.cpp in Sources */,
			);
			runOnlyForDeploymentPostprocessing = 0;
		};
/* End PBXSourcesBuildPhase section */

/* Begin XCBuildConfiguration section */
		4556CD1315083EFC00F9ED91 /* Debug */ = {
			isa = XCBuildConfiguration;
			buildSettings = {
				ALWAYS_SEARCH_USER_PATHS = NO;
				ARCHS = "$(ARCHS_STANDARD_64_BIT)";
				CLANG_ENABLE_OBJC_ARC = YES;
				COPY_PHASE_STRIP = NO;
				GCC_C_LANGUAGE_STANDARD = gnu99;
				GCC_DYNAMIC_NO_PIC = NO;
				GCC_ENABLE_OBJC_EXCEPTIONS = YES;
				GCC_OPTIMIZATION_LEVEL = 0;
				GCC_PREPROCESSOR_DEFINITIONS = (
					"DEBUG=1",
					"$(inherited)",
				);
				GCC_SYMBOLS_PRIVATE_EXTERN = NO;
				GCC_VERSION = com.apple.compilers.llvm.clang.1_0;
				GCC_WARN_64_TO_32_BIT_CONVERSION = YES;
				GCC_WARN_ABOUT_MISSING_PROTOTYPES = YES;
				GCC_WARN_ABOUT_RETURN_TYPE = YES;
				GCC_WARN_UNUSED_VARIABLE = YES;
				MACOSX_DEPLOYMENT_TARGET = 10.7;
				ONLY_ACTIVE_ARCH = YES;
				SDKROOT = macosx;
			};
			name = Debug;
		};
		4556CD1415083EFC00F9ED91 /* Release */ = {
			isa = XCBuildConfiguration;
			buildSettings = {
				ALWAYS_SEARCH_USER_PATHS = NO;
				ARCHS = "$(ARCHS_STANDARD_64_BIT)";
				CLANG_ENABLE_OBJC_ARC = YES;
				COPY_PHASE_STRIP = YES;
				DEBUG_INFORMATION_FORMAT = "dwarf-with-dsym";
				GCC_C_LANGUAGE_STANDARD = gnu99;
				GCC_ENABLE_OBJC_EXCEPTIONS = YES;
				GCC_VERSION = com.apple.compilers.llvm.clang.1_0;
				GCC_WARN_64_TO_32_BIT_CONVERSION = YES;
				GCC_WARN_ABOUT_MISSING_PROTOTYPES = YES;
				GCC_WARN_ABOUT_RETURN_TYPE = YES;
				GCC_WARN_UNUSED_VARIABLE = YES;
				MACOSX_DEPLOYMENT_TARGET = 10.7;
				SDKROOT = macosx;
			};
			name = Release;
		};
		4556CD1615083EFC00F9ED91 /* Debug */ = {
			isa = XCBuildConfiguration;
			buildSettings = {
				PRODUCT_NAME = "$(TARGET_NAME)";
			};
			name = Debug;
		};
		4556CD1715083EFC00F9ED91 /* Release */ = {
			isa = XCBuildConfiguration;
			buildSettings = {
				PRODUCT_NAME = "$(TARGET_NAME)";
			};
			name = Release;
		};
/* End XCBuildConfiguration section */

/* Begin XCConfigurationList section */
		4556CD0515083EFC00F9ED91 /* Build configuration list for PBXProject "Mar_7th_MS" */ = {
			isa = XCConfigurationList;
			buildConfigurations = (
				4556CD1315083EFC00F9ED91 /* Debug */,
				4556CD1415083EFC00F9ED91 /* Release */,
			);
			defaultConfigurationIsVisible = 0;
			defaultConfigurationName = Release;
		};
		4556CD1515083EFC00F9ED91 /* Build configuration list for PBXNativeTarget "Mar_7th_MS" */ = {
			isa = XCConfigurationList;
			buildConfigurations = (
				4556CD1615083EFC00F9ED91 /* Debug */,
				4556CD1715083EFC00F9ED91 /* Release */,
			);
			defaultConfigurationIsVisible = 0;
		};
/* End XCConfigurationList section */
	};
	rootObject = 4556CD0215083EFC00F9ED91 /* Project object */;
}
